# This file is generated by running "yarn install" inside your project.
# Manual changes might be lost - proceed with caution!

__metadata:
  version: 8
  cacheKey: 10c0

"@antfu/ni@npm:^24.3.0":
  version: 24.3.0
  resolution: "@antfu/ni@npm:24.3.0"
  dependencies:
    ansis: "npm:^3.17.0"
    fzf: "npm:^0.5.2"
    package-manager-detector: "npm:^1.1.0"
    tinyexec: "npm:^1.0.0"
  bin:
    na: bin/na.mjs
    nci: bin/nci.mjs
    ni: bin/ni.mjs
    nlx: bin/nlx.mjs
    nr: bin/nr.mjs
    nu: bin/nu.mjs
    nun: bin/nun.mjs
  checksum: 10c0/c0cf7392f4f4552a0c3acd7ba19a9808492a377a454b92d0214e586fbe7ef71b06e29495dc0afb1a2dfbb57cdbe493039e1b905bcfd3c8e39b68a8ad898e3f8d
  languageName: node
  linkType: hard

"@clack/core@npm:^0.3.3":
  version: 0.3.5
  resolution: "@clack/core@npm:0.3.5"
  dependencies:
    picocolors: "npm:^1.0.0"
    sisteransi: "npm:^1.0.5"
  checksum: 10c0/b1037226b38696bd95e09beef789ff4e23abb282505ac233c0316c2410c8afb68cf91b67812c883f05ffa6943d6f0593f1ebc17beb94f4a42c13e4657f598c0b
  languageName: node
  linkType: hard

"@clack/prompts@npm:^0.7.0":
  version: 0.7.0
  resolution: "@clack/prompts@npm:0.7.0"
  dependencies:
    "@clack/core": "npm:^0.3.3"
    is-unicode-supported: "npm:*"
    picocolors: "npm:^1.0.0"
    sisteransi: "npm:^1.0.5"
  checksum: 10c0/fecb3b34308c5cb75807211b28d50caa4b0c5d150d16e733e59bfba3187ac856f050ed44baeca90eb99e047671096ff54402dd2790e9c0e77845a75b04003e2e
  languageName: node
  linkType: hard

"@hipster/sb-utils@workspace:.":
  version: 0.0.0-use.local
  resolution: "@hipster/sb-utils@workspace:."
  dependencies:
    "@antfu/ni": "npm:^24.3.0"
    "@clack/prompts": "npm:^0.7.0"
  bin:
    sb-utils: index.js
  languageName: unknown
  linkType: soft

"ansis@npm:^3.17.0":
  version: 3.17.0
  resolution: "ansis@npm:3.17.0"
  checksum: 10c0/d8fa94ca7bb91e7e5f8a7d323756aa075facce07c5d02ca883673e128b2873d16f93e0dec782f98f1eeb1f2b3b4b7b60dcf0ad98fb442e75054fe857988cc5cb
  languageName: node
  linkType: hard

"fzf@npm:^0.5.2":
  version: 0.5.2
  resolution: "fzf@npm:0.5.2"
  checksum: 10c0/5b1f945b289855891c4e3cb03db35381f8d85464dceb15b6d32f0fc74e43d7d2b9a13554cf78a86760ba762de39134d40644ccb54e60668a4bc5b15c4765d36e
  languageName: node
  linkType: hard

"is-unicode-supported@npm:*":
  version: 2.1.0
  resolution: "is-unicode-supported@npm:2.1.0"
  checksum: 10c0/a0f53e9a7c1fdbcf2d2ef6e40d4736fdffff1c9f8944c75e15425118ff3610172c87bf7bc6c34d3903b04be59790bb2212ddbe21ee65b5a97030fc50370545a5
  languageName: node
  linkType: hard

"package-manager-detector@npm:^1.1.0":
  version: 1.2.0
  resolution: "package-manager-detector@npm:1.2.0"
  checksum: 10c0/70ad58a491a5a2e23f5c6a8b6445c7e62ab772e2942ae789c8ed5d43f147087698ac2f467fc79abca0be024a113f7e87baecf556b56305a841003eb7b569e9a0
  languageName: node
  linkType: hard

"picocolors@npm:^1.0.0":
  version: 1.1.1
  resolution: "picocolors@npm:1.1.1"
  checksum: 10c0/e2e3e8170ab9d7c7421969adaa7e1b31434f789afb9b3f115f6b96d91945041ac3ceb02e9ec6fe6510ff036bcc0bf91e69a1772edc0b707e12b19c0f2d6bcf58
  languageName: node
  linkType: hard

"sisteransi@npm:^1.0.5":
  version: 1.0.5
  resolution: "sisteransi@npm:1.0.5"
  checksum: 10c0/230ac975cca485b7f6fe2b96a711aa62a6a26ead3e6fb8ba17c5a00d61b8bed0d7adc21f5626b70d7c33c62ff4e63933017a6462942c719d1980bb0b1207ad46
  languageName: node
  linkType: hard

"tinyexec@npm:^1.0.0":
  version: 1.0.1
  resolution: "tinyexec@npm:1.0.1"
  checksum: 10c0/e1ec3c8194a0427ce001ba69fd933d0c957e2b8994808189ed8020d3e0c01299aea8ecf0083cc514ecbf90754695895f2b5c0eac07eb2d0c406f7d4fbb8feade
  languageName: node
  linkType: hard
